<?xml version="1.0" encoding="utf-8"?>
<Project ToolsVersion="4.0" xmlns="http://schemas.microsoft.com/developer/msbuild/2003">
  <ItemGroup>
    <Filter Include="Source Files">
      <UniqueIdentifier>{f343c719-9b49-43f6-8858-28e2a03c8724}</UniqueIdentifier>
      <Extensions>cpp;c;cxx;def;odl;idl;hpj;bat;asm</Extensions>
    </Filter>
    <Filter Include="Header Files">
      <UniqueIdentifier>{01dd7be0-4f89-46e2-9ee7-fb9a9b650ed9}</UniqueIdentifier>
      <Extensions>h;hpp;hxx;hm;inl;inc</Extensions>
    </Filter>
    <Filter Include="Resource Files">
      <UniqueIdentifier>{a11e6b6e-d1c6-4528-ab72-bb73b6ba1910}</UniqueIdentifier>
      <Extensions>rc;ico;cur;bmp;dlg;rc2;rct;bin;rgs;gif;jpg;jpeg;jpe</Extensions>
    </Filter>
    <Filter Include="core">
      <UniqueIdentifier>{7bfa2b6b-ee52-432d-a1f0-cc2338339f7d}</UniqueIdentifier>
    </Filter>
    <Filter Include="core\message">
      <UniqueIdentifier>{44f40db5-becf-48a9-9ce6-6246aa3209d8}</UniqueIdentifier>
    </Filter>
    <Filter Include="core\dataprovider">
      <UniqueIdentifier>{b3bf03b6-7796-43c4-97ae-c633e90099dc}</UniqueIdentifier>
    </Filter>
    <Filter Include="core\json">
      <UniqueIdentifier>{37f4f94f-4c4f-4ac2-9c97-021ddeb5e9c4}</UniqueIdentifier>
    </Filter>
  </ItemGroup>
  <ItemGroup>
    <ClCompile Include="Category.cpp">
      <Filter>Source Files</Filter>
    </ClCompile>
    <ClCompile Include="ContextMenu.cpp">
      <Filter>Source Files</Filter>
    </ClCompile>
    <ClCompile Include="Dll.cpp">
      <Filter>Source Files</Filter>
    </ClCompile>
    <ClCompile Include="ExplorerDataProvider.cpp">
      <Filter>Source Files</Filter>
    </ClCompile>
    <ClCompile Include="fvcommands.cpp">
      <Filter>Source Files</Filter>
    </ClCompile>
    <ClCompile Include="Utils.cpp">
      <Filter>Source Files</Filter>
    </ClCompile>
    <ClCompile Include="DataProvider.cpp">
      <Filter>core\dataprovider</Filter>
    </ClCompile>
    <ClCompile Include="ContentMessage.cpp">
      <Filter>core\message</Filter>
    </ClCompile>
    <ClCompile Include="BaseMessage.cpp">
      <Filter>core\message</Filter>
    </ClCompile>
    <ClCompile Include="LogMessage.cpp">
      <Filter>core\message</Filter>
    </ClCompile>
    <ClCompile Include="OpenFileMessage.cpp">
      <Filter>core\message</Filter>
    </ClCompile>
  </ItemGroup>
  <ItemGroup>
    <None Include="ExplorerDataProvider.def">
      <Filter>Source Files</Filter>
    </None>
  </ItemGroup>
  <ItemGroup>
    <ClInclude Include="Category.h">
      <Filter>Header Files</Filter>
    </ClInclude>
    <ClInclude Include="fvcommands.h">
      <Filter>Header Files</Filter>
    </ClInclude>
    <ClInclude Include="Guid.h">
      <Filter>Header Files</Filter>
    </ClInclude>
    <ClInclude Include="resource.h">
      <Filter>Header Files</Filter>
    </ClInclude>
    <ClInclude Include="Utils.h">
      <Filter>Header Files</Filter>
    </ClInclude>
    <ClInclude Include="DataProvider.h">
      <Filter>core\dataprovider</Filter>
    </ClInclude>
    <ClInclude Include="IJsonSerializable.h">
      <Filter>core\json</Filter>
    </ClInclude>
    <ClInclude Include="ContentMessage.h">
      <Filter>core\message</Filter>
    </ClInclude>
    <ClInclude Include="BaseMessage.h">
      <Filter>core\message</Filter>
    </ClInclude>
    <ClInclude Include="LogMessage.h">
      <Filter>core\message</Filter>
    </ClInclude>
    <ClInclude Include="OpenFileMessage.h">
      <Filter>core\message</Filter>
    </ClInclude>
    <ClInclude Include="MyDropTarget.h">
      <Filter>Header Files</Filter>
    </ClInclude>
  </ItemGroup>
  <ItemGroup>
    <ResourceCompile Include="ExplorerDataProvider.rc">
      <Filter>Resource Files</Filter>
    </ResourceCompile>
  </ItemGroup>
</Project>